
Microsoft Visual Studio Solution File, Format Version 12.00
# Visual Studio 15
VisualStudioVersion = 15.0.26430.16
MinimumVisualStudioVersion = 10.0.40219.1
Project("{FAE04EC0-301F-11D3-BF4B-00C04F79EFBC}") = "MPDApp.Android", "MPDApp\MPDApp.Android\MPDApp.Android.csproj", "{3720FC70-60D3-4FB2-BC13-093E2E928286}"
EndProject
Project("{FAE04EC0-301F-11D3-BF4B-00C04F79EFBC}") = "MPDApp", "MPDApp\MPDApp\MPDApp.csproj", "{CF2609D8-3E19-4826-A0B3-7A48234BD805}"
EndProject
Project("{FAE04EC0-301F-11D3-BF4B-00C04F79EFBC}") = "MPDApp.iOS", "MPDApp\MPDApp.iOS\MPDApp.iOS.csproj", "{19362B62-AE18-4D35-BD9F-BA154DDAEE4B}"
EndProject
Global
	GlobalSection(SolutionConfigurationPlatforms) = preSolution
		Ad-Hoc|Any CPU = Ad-Hoc|Any CPU
		Ad-Hoc|iPhone = Ad-Hoc|iPhone
		Ad-Hoc|iPhoneSimulator = Ad-Hoc|iPhoneSimulator
		AppStore|Any CPU = AppStore|Any CPU
		AppStore|iPhone = AppStore|iPhone
		AppStore|iPhoneSimulator = AppStore|iPhoneSimulator
		Debug|Any CPU = Debug|Any CPU
		Debug|iPhone = Debug|iPhone
		Debug|iPhoneSimulator = Debug|iPhoneSimulator
		Release|Any CPU = Release|Any CPU
		Release|iPhone = Release|iPhone
		Release|iPhoneSimulator = Release|iPhoneSimulator
	EndGlobalSection
	GlobalSection(ProjectConfigurationPlatforms) = postSolution
		{3720FC70-60D3-4FB2-BC13-093E2E928286}.Ad-Hoc|Any CPU.ActiveCfg = Release|Any CPU
		{3720FC70-60D3-4FB2-BC13-093E2E928286}.Ad-Hoc|Any CPU.Build.0 = Release|Any CPU
		{3720FC70-60D3-4FB2-BC13-093E2E928286}.Ad-Hoc|Any CPU.Deploy.0 = Release|Any CPU
		{3720FC70-60D3-4FB2-BC13-093E2E928286}.Ad-Hoc|iPhone.ActiveCfg = Release|Any CPU
		{3720FC70-60D3-4FB2-BC13-093E2E928286}.Ad-Hoc|iPhone.Build.0 = Release|Any CPU
		{3720FC70-60D3-4FB2-BC13-093E2E928286}.Ad-Hoc|iPhone.Deploy.0 = Release|Any CPU
		{3720FC70-60D3-4FB2-BC13-093E2E928286}.Ad-Hoc|iPhoneSimulator.ActiveCfg = Release|Any CPU
		{3720FC70-60D3-4FB2-BC13-093E2E928286}.Ad-Hoc|iPhoneSimulator.Build.0 = Release|Any CPU
		{3720FC70-60D3-4FB2-BC13-093E2E928286}.Ad-Hoc|iPhoneSimulator.Deploy.0 = Release|Any CPU
		{3720FC70-60D3-4FB2-BC13-093E2E928286}.AppStore|Any CPU.ActiveCfg = Release|Any CPU
		{3720FC70-60D3-4FB2-BC13-093E2E928286}.AppStore|Any CPU.Build.0 = Release|Any CPU
		{3720FC70-60D3-4FB2-BC13-093E2E928286}.AppStore|Any CPU.Deploy.0 = Release|Any CPU
		{3720FC70-60D3-4FB2-BC13-093E2E928286}.AppStore|iPhone.ActiveCfg = Release|Any CPU
		{3720FC70-60D3-4FB2-BC13-093E2E928286}.AppStore|iPhone.Build.0 = Release|Any CPU
		{3720FC70-60D3-4FB2-BC13-093E2E928286}.AppStore|iPhone.Deploy.0 = Release|Any CPU
		{3720FC70-60D3-4FB2-BC13-093E2E928286}.AppStore|iPhoneSimulator.ActiveCfg = Release|Any CPU
		{3720FC70-60D3-4FB2-BC13-093E2E928286}.AppStore|iPhoneSimulator.Build.0 = Release|Any CPU
		{3720FC70-60D3-4FB2-BC13-093E2E928286}.AppStore|iPhoneSimulator.Deploy.0 = Release|Any CPU
		{3720FC70-60D3-4FB2-BC13-093E2E928286}.Debug|Any CPU.ActiveCfg = Debug|Any CPU
		{3720FC70-60D3-4FB2-BC13-093E2E928286}.Debug|Any CPU.Build.0 = Debug|Any CPU
		{3720FC70-60D3-4FB2-BC13-093E2E928286}.Debug|Any CPU.Deploy.0 = Debug|Any CPU
		{3720FC70-60D3-4FB2-BC13-093E2E928286}.Debug|iPhone.ActiveCfg = Debug|Any CPU
		{3720FC70-60D3-4FB2-BC13-093E2E928286}.Debug|iPhone.Build.0 = Debug|Any CPU
		{3720FC70-60D3-4FB2-BC13-093E2E928286}.Debug|iPhone.Deploy.0 = Debug|Any CPU
		{3720FC70-60D3-4FB2-BC13-093E2E928286}.Debug|iPhoneSimulator.ActiveCfg = Debug|Any CPU
		{3720FC70-60D3-4FB2-BC13-093E2E928286}.Debug|iPhoneSimulator.Build.0 = Debug|Any CPU
		{3720FC70-60D3-4FB2-BC13-093E2E928286}.Debug|iPhoneSimulator.Deploy.0 = Debug|Any CPU
		{3720FC70-60D3-4FB2-BC13-093E2E928286}.Release|Any CPU.ActiveCfg = Release|Any CPU
		{3720FC70-60D3-4FB2-BC13-093E2E928286}.Release|Any CPU.Build.0 = Release|Any CPU
		{3720FC70-60D3-4FB2-BC13-093E2E928286}.Release|Any CPU.Deploy.0 = Release|Any CPU
		{3720FC70-60D3-4FB2-BC13-093E2E928286}.Release|iPhone.ActiveCfg = Release|Any CPU
		{3720FC70-60D3-4FB2-BC13-093E2E928286}.Release|iPhone.Build.0 = Release|Any CPU
		{3720FC70-60D3-4FB2-BC13-093E2E928286}.Release|iPhone.Deploy.0 = Release|Any CPU
		{3720FC70-60D3-4FB2-BC13-093E2E928286}.Release|iPhoneSimulator.ActiveCfg = Release|Any CPU
		{3720FC70-60D3-4FB2-BC13-093E2E928286}.Release|iPhoneSimulator.Build.0 = Release|Any CPU
		{3720FC70-60D3-4FB2-BC13-093E2E928286}.Release|iPhoneSimulator.Deploy.0 = Release|Any CPU
		{CF2609D8-3E19-4826-A0B3-7A48234BD805}.Ad-Hoc|Any CPU.ActiveCfg = Release|Any CPU
		{CF2609D8-3E19-4826-A0B3-7A48234BD805}.Ad-Hoc|Any CPU.Build.0 = Release|Any CPU
		{CF2609D8-3E19-4826-A0B3-7A48234BD805}.Ad-Hoc|iPhone.ActiveCfg = Release|Any CPU
		{CF2609D8-3E19-4826-A0B3-7A48234BD805}.Ad-Hoc|iPhone.Build.0 = Release|Any CPU
		{CF2609D8-3E19-4826-A0B3-7A48234BD805}.Ad-Hoc|iPhoneSimulator.ActiveCfg = Release|Any CPU
		{CF2609D8-3E19-4826-A0B3-7A48234BD805}.Ad-Hoc|iPhoneSimulator.Build.0 = Release|Any CPU
		{CF2609D8-3E19-4826-A0B3-7A48234BD805}.AppStore|Any CPU.ActiveCfg = Release|Any CPU
		{CF2609D8-3E19-4826-A0B3-7A48234BD805}.AppStore|Any CPU.Build.0 = Release|Any CPU
		{CF2609D8-3E19-4826-A0B3-7A48234BD805}.AppStore|iPhone.ActiveCfg = Release|Any CPU
		{CF2609D8-3E19-4826-A0B3-7A48234BD805}.AppStore|iPhone.Build.0 = Release|Any CPU
		{CF2609D8-3E19-4826-A0B3-7A48234BD805}.AppStore|iPhoneSimulator.ActiveCfg = Release|Any CPU
		{CF2609D8-3E19-4826-A0B3-7A48234BD805}.AppStore|iPhoneSimulator.Build.0 = Release|Any CPU
		{CF2609D8-3E19-4826-A0B3-7A48234BD805}.Debug|Any CPU.ActiveCfg = Debug|Any CPU
		{CF2609D8-3E19-4826-A0B3-7A48234BD805}.Debug|Any CPU.Build.0 = Debug|Any CPU
		{CF2609D8-3E19-4826-A0B3-7A48234BD805}.Debug|iPhone.ActiveCfg = Debug|Any CPU
		{CF2609D8-3E19-4826-A0B3-7A48234BD805}.Debug|iPhone.Build.0 = Debug|Any CPU
		{CF2609D8-3E19-4826-A0B3-7A48234BD805}.Debug|iPhoneSimulator.ActiveCfg = Debug|Any CPU
		{CF2609D8-3E19-4826-A0B3-7A48234BD805}.Debug|iPhoneSimulator.Build.0 = Debug|Any CPU
		{CF2609D8-3E19-4826-A0B3-7A48234BD805}.Release|Any CPU.ActiveCfg = Release|Any CPU
		{CF2609D8-3E19-4826-A0B3-7A48234BD805}.Release|Any CPU.Build.0 = Release|Any CPU
		{CF2609D8-3E19-4826-A0B3-7A48234BD805}.Release|iPhone.ActiveCfg = Release|Any CPU
		{CF2609D8-3E19-4826-A0B3-7A48234BD805}.Release|iPhone.Build.0 = Release|Any CPU
		{CF2609D8-3E19-4826-A0B3-7A48234BD805}.Release|iPhoneSimulator.ActiveCfg = Release|Any CPU
		{CF2609D8-3E19-4826-A0B3-7A48234BD805}.Release|iPhoneSimulator.Build.0 = Release|Any CPU
		{19362B62-AE18-4D35-BD9F-BA154DDAEE4B}.Ad-Hoc|Any CPU.ActiveCfg = Ad-Hoc|iPhone
		{19362B62-AE18-4D35-BD9F-BA154DDAEE4B}.Ad-Hoc|iPhone.ActiveCfg = Ad-Hoc|iPhone
		{19362B62-AE18-4D35-BD9F-BA154DDAEE4B}.Ad-Hoc|iPhone.Build.0 = Ad-Hoc|iPhone
		{19362B62-AE18-4D35-BD9F-BA154DDAEE4B}.Ad-Hoc|iPhoneSimulator.ActiveCfg = Ad-Hoc|iPhoneSimulator
		{19362B62-AE18-4D35-BD9F-BA154DDAEE4B}.Ad-Hoc|iPhoneSimulator.Build.0 = Ad-Hoc|iPhoneSimulator
		{19362B62-AE18-4D35-BD9F-BA154DDAEE4B}.AppStore|Any CPU.ActiveCfg = AppStore|iPhone
		{19362B62-AE18-4D35-BD9F-BA154DDAEE4B}.AppStore|iPhone.ActiveCfg = AppStore|iPhone
		{19362B62-AE18-4D35-BD9F-BA154DDAEE4B}.AppStore|iPhone.Build.0 = AppStore|iPhone
		{19362B62-AE18-4D35-BD9F-BA154DDAEE4B}.AppStore|iPhoneSimulator.ActiveCfg = AppStore|iPhoneSimulator
		{19362B62-AE18-4D35-BD9F-BA154DDAEE4B}.AppStore|iPhoneSimulator.Build.0 = AppStore|iPhoneSimulator
		{19362B62-AE18-4D35-BD9F-BA154DDAEE4B}.Debug|Any CPU.ActiveCfg = Debug|iPhone
		{19362B62-AE18-4D35-BD9F-BA154DDAEE4B}.Debug|iPhone.ActiveCfg = Debug|iPhone
		{19362B62-AE18-4D35-BD9F-BA154DDAEE4B}.Debug|iPhone.Build.0 = Debug|iPhone
		{19362B62-AE18-4D35-BD9F-BA154DDAEE4B}.Debug|iPhoneSimulator.ActiveCfg = Debug|iPhoneSimulator
		{19362B62-AE18-4D35-BD9F-BA154DDAEE4B}.Debug|iPhoneSimulator.Build.0 = Debug|iPhoneSimulator
		{19362B62-AE18-4D35-BD9F-BA154DDAEE4B}.Release|Any CPU.ActiveCfg = Release|iPhone
		{19362B62-AE18-4D35-BD9F-BA154DDAEE4B}.Release|iPhone.ActiveCfg = Release|iPhone
		{19362B62-AE18-4D35-BD9F-BA154DDAEE4B}.Release|iPhone.Build.0 = Release|iPhone
		{19362B62-AE18-4D35-BD9F-BA154DDAEE4B}.Release|iPhoneSimulator.ActiveCfg = Release|iPhoneSimulator
		{19362B62-AE18-4D35-BD9F-BA154DDAEE4B}.Release|iPhoneSimulator.Build.0 = Release|iPhoneSimulator
	EndGlobalSection
	GlobalSection(SolutionProperties) = preSolution
		HideSolutionNode = FALSE
	EndGlobalSection
EndGlobal
